
Microsoft Visual Studio Solution File, Format Version 12.00
# Visual Studio 15
VisualStudioVersion = 15.0.28307.852
MinimumVisualStudioVersion = 10.0.40219.1
Project("{9A19103F-16F7-4668-BE54-9A1E7A4F7556}") = "SEDC.Lazamazon.Web", "SEDC.Lazamazon.Web\SEDC.Lazamazon.Web.csproj", "{27561B75-2C1F-4943-9D01-68B8410DFB47}"
EndProject
Project("{9A19103F-16F7-4668-BE54-9A1E7A4F7556}") = "SEDC.Lamazon.Domain", "SEDC.Lamazon.Domain\SEDC.Lamazon.Domain.csproj", "{19806EA5-BA8A-49EE-97D8-93DCD04F4693}"
EndProject
Project("{9A19103F-16F7-4668-BE54-9A1E7A4F7556}") = "SEDC.Lamazon.DataAccess", "SEDC.Lamazon.DataAccess\SEDC.Lamazon.DataAccess.csproj", "{881DE50A-670F-4EE6-A683-C9B84603874A}"
EndProject
Project("{FAE04EC0-301F-11D3-BF4B-00C04F79EFBC}") = "SEDC.Lamazon.WebModels", "SEDC.Lamazon.WebModels`\SEDC.Lamazon.WebModels.csproj", "{9496C9A1-0F4A-4F94-9369-9B3C8E4D2347}"
EndProject
Project("{FAE04EC0-301F-11D3-BF4B-00C04F79EFBC}") = "SEDC.Lamazon.Services", "SEDC.Lamazon.Services\SEDC.Lamazon.Services.csproj", "{10CF3A3B-2F5E-4606-8E76-376A6C8C69B8}"
EndProject
Global
	GlobalSection(SolutionConfigurationPlatforms) = preSolution
		Debug|Any CPU = Debug|Any CPU
		Release|Any CPU = Release|Any CPU
	EndGlobalSection
	GlobalSection(ProjectConfigurationPlatforms) = postSolution
		{27561B75-2C1F-4943-9D01-68B8410DFB47}.Debug|Any CPU.ActiveCfg = Debug|Any CPU
		{27561B75-2C1F-4943-9D01-68B8410DFB47}.Debug|Any CPU.Build.0 = Debug|Any CPU
		{27561B75-2C1F-4943-9D01-68B8410DFB47}.Release|Any CPU.ActiveCfg = Release|Any CPU
		{27561B75-2C1F-4943-9D01-68B8410DFB47}.Release|Any CPU.Build.0 = Release|Any CPU
		{19806EA5-BA8A-49EE-97D8-93DCD04F4693}.Debug|Any CPU.ActiveCfg = Debug|Any CPU
		{19806EA5-BA8A-49EE-97D8-93DCD04F4693}.Debug|Any CPU.Build.0 = Debug|Any CPU
		{19806EA5-BA8A-49EE-97D8-93DCD04F4693}.Release|Any CPU.ActiveCfg = Release|Any CPU
		{19806EA5-BA8A-49EE-97D8-93DCD04F4693}.Release|Any CPU.Build.0 = Release|Any CPU
		{881DE50A-670F-4EE6-A683-C9B84603874A}.Debug|Any CPU.ActiveCfg = Debug|Any CPU
		{881DE50A-670F-4EE6-A683-C9B84603874A}.Debug|Any CPU.Build.0 = Debug|Any CPU
		{881DE50A-670F-4EE6-A683-C9B84603874A}.Release|Any CPU.ActiveCfg = Release|Any CPU
		{881DE50A-670F-4EE6-A683-C9B84603874A}.Release|Any CPU.Build.0 = Release|Any CPU
		{9496C9A1-0F4A-4F94-9369-9B3C8E4D2347}.Debug|Any CPU.ActiveCfg = Debug|Any CPU
		{9496C9A1-0F4A-4F94-9369-9B3C8E4D2347}.Debug|Any CPU.Build.0 = Debug|Any CPU
		{9496C9A1-0F4A-4F94-9369-9B3C8E4D2347}.Release|Any CPU.ActiveCfg = Release|Any CPU
		{9496C9A1-0F4A-4F94-9369-9B3C8E4D2347}.Release|Any CPU.Build.0 = Release|Any CPU
		{10CF3A3B-2F5E-4606-8E76-376A6C8C69B8}.Debug|Any CPU.ActiveCfg = Debug|Any CPU
		{10CF3A3B-2F5E-4606-8E76-376A6C8C69B8}.Debug|Any CPU.Build.0 = Debug|Any CPU
		{10CF3A3B-2F5E-4606-8E76-376A6C8C69B8}.Release|Any CPU.ActiveCfg = Release|Any CPU
		{10CF3A3B-2F5E-4606-8E76-376A6C8C69B8}.Release|Any CPU.Build.0 = Release|Any CPU
	EndGlobalSection
	GlobalSection(SolutionProperties) = preSolution
		HideSolutionNode = FALSE
	EndGlobalSection
	GlobalSection(ExtensibilityGlobals) = postSolution
		SolutionGuid = {DD2C3C91-2F01-4709-96E7-78D17216B8BD}
	EndGlobalSection
EndGlobal
